// !$*UTF8*$!
{
	archiveVersion = 1;
	classes = {
	};
	objectVersion = 56;
	objects = {

/* Begin PBXBuildFile section */
		22B84C9729C4A8BF00C01C88 /* AppDelegate.swift in Sources */ = {isa = PBXBuildFile; fileRef = 22B84C9629C4A8BF00C01C88 /* AppDelegate.swift */; };
		22B84C9929C4A8BF00C01C88 /* SceneDelegate.swift in Sources */ = {isa = PBXBuildFile; fileRef = 22B84C9829C4A8BF00C01C88 /* SceneDelegate.swift */; };
		22B84C9B29C4A8BF00C01C88 /* ViewController.swift in Sources */ = {isa = PBXBuildFile; fileRef = 22B84C9A29C4A8BF00C01C88 /* ViewController.swift */; };
		22B84C9E29C4A8BF00C01C88 /* Main.storyboard in Resources */ = {isa = PBXBuildFile; fileRef = 22B84C9C29C4A8BF00C01C88 /* Main.storyboard */; };
		22B84CA029C4A8C000C01C88 /* Assets.xcassets in Resources */ = {isa = PBXBuildFile; fileRef = 22B84C9F29C4A8C000C01C88 /* Assets.xcassets */; };
		22B84CA329C4A8C000C01C88 /* LaunchScreen.storyboard in Resources */ = {isa = PBXBuildFile; fileRef = 22B84CA129C4A8C000C01C88 /* LaunchScreen.storyboard */; };
		22B84CAE29C4A8C000C01C88 /* UserSettingsDemoTests.swift in Sources */ = {isa = PBXBuildFile; fileRef = 22B84CAD29C4A8C000C01C88 /* UserSettingsDemoTests.swift */; };
		22B84CB829C4A8C000C01C88 /* UserSettingsDemoUITests.swift in Sources */ = {isa = PBXBuildFile; fileRef = 22B84CB729C4A8C000C01C88 /* UserSettingsDemoUITests.swift */; };
		22B84CBA29C4A8C000C01C88 /* UserSettingsDemoUITestsLaunchTests.swift in Sources */ = {isa = PBXBuildFile; fileRef = 22B84CB929C4A8C000C01C88 /* UserSettingsDemoUITestsLaunchTests.swift */; };
		22B84CC729C4A91700C01C88 /* UserSettings.swift in Sources */ = {isa = PBXBuildFile; fileRef = 22B84CC629C4A91700C01C88 /* UserSettings.swift */; };
/* End PBXBuildFile section */

/* Begin PBXContainerItemProxy section */
		22B84CAA29C4A8C000C01C88 /* PBXContainerItemProxy */ = {
			isa = PBXContainerItemProxy;
			containerPortal = 22B84C8B29C4A8BF00C01C88 /* Project object */;
			proxyType = 1;
			remoteGlobalIDString = 22B84C9229C4A8BF00C01C88;
			remoteInfo = UserSettingsDemo;
		};
		22B84CB429C4A8C000C01C88 /* PBXContainerItemProxy */ = {
			isa = PBXContainerItemProxy;
			containerPortal = 22B84C8B29C4A8BF00C01C88 /* Project object */;
			proxyType = 1;
			remoteGlobalIDString = 22B84C9229C4A8BF00C01C88;
			remoteInfo = UserSettingsDemo;
		};
/* End PBXContainerItemProxy section */

/* Begin PBXFileReference section */
		22B84C9329C4A8BF00C01C88 /* UserSettingsDemo.app */ = {isa = PBXFileReference; explicitFileType = wrapper.application; includeInIndex = 0; path = UserSettingsDemo.app; sourceTree = BUILT_PRODUCTS_DIR; };
		22B84C9629C4A8BF00C01C88 /* AppDelegate.swift */ = {isa = PBXFileReference; lastKnownFileType = sourcecode.swift; path = AppDelegate.swift; sourceTree = "<group>"; };
		22B84C9829C4A8BF00C01C88 /* SceneDelegate.swift */ = {isa = PBXFileReference; lastKnownFileType = sourcecode.swift; path = SceneDelegate.swift; sourceTree = "<group>"; };
		22B84C9A29C4A8BF00C01C88 /* ViewController.swift */ = {isa = PBXFileReference; lastKnownFileType = sourcecode.swift; path = ViewController.swift; sourceTree = "<group>"; };
		22B84C9D29C4A8BF00C01C88 /* Base */ = {isa = PBXFileReference; lastKnownFileType = file.storyboard; name = Base; path = Base.lproj/Main.storyboard; sourceTree = "<group>"; };
		22B84C9F29C4A8C000C01C88 /* Assets.xcassets */ = {isa = PBXFileReference; lastKnownFileType = folder.assetcatalog; path = Assets.xcassets; sourceTree = "<group>"; };
		22B84CA229C4A8C000C01C88 /* Base */ = {isa = PBXFileReference; lastKnownFileType = file.storyboard; name = Base; path = Base.lproj/LaunchScreen.storyboard; sourceTree = "<group>"; };
		22B84CA429C4A8C000C01C88 /* Info.plist */ = {isa = PBXFileReference; lastKnownFileType = text.plist.xml; path = Info.plist; sourceTree = "<group>"; };
		22B84CA929C4A8C000C01C88 /* UserSettingsDemoTests.xctest */ = {isa = PBXFileReference; explicitFileType = wrapper.cfbundle; includeInIndex = 0; path = UserSettingsDemoTests.xctest; sourceTree = BUILT_PRODUCTS_DIR; };
		22B84CAD29C4A8C000C01C88 /* UserSettingsDemoTests.swift */ = {isa = PBXFileReference; lastKnownFileType = sourcecode.swift; path = UserSettingsDemoTests.swift; sourceTree = "<group>"; };
		22B84CB329C4A8C000C01C88 /* UserSettingsDemoUITests.xctest */ = {isa = PBXFileReference; explicitFileType = wrapper.cfbundle; includeInIndex = 0; path = UserSettingsDemoUITests.xctest; sourceTree = BUILT_PRODUCTS_DIR; };
		22B84CB729C4A8C000C01C88 /* UserSettingsDemoUITests.swift */ = {isa = PBXFileReference; lastKnownFileType = sourcecode.swift; path = UserSettingsDemoUITests.swift; sourceTree = "<group>"; };
		22B84CB929C4A8C000C01C88 /* UserSettingsDemoUITestsLaunchTests.swift */ = {isa = PBXFileReference; lastKnownFileType = sourcecode.swift; path = UserSettingsDemoUITestsLaunchTests.swift; sourceTree = "<group>"; };
		22B84CC629C4A91700C01C88 /* UserSettings.swift */ = {isa = PBXFileReference; lastKnownFileType = sourcecode.swift; path = UserSettings.swift; sourceTree = "<group>"; };
/* End PBXFileReference section */

/* Begin PBXFrameworksBuildPhase section */
		22B84C9029C4A8BF00C01C88 /* Frameworks */ = {
			isa = PBXFrameworksBuildPhase;
			buildActionMask = 2147483647;
			files = (
			);
			runOnlyForDeploymentPostprocessing = 0;
		};
		22B84CA629C4A8C000C01C88 /* Frameworks */ = {
			isa = PBXFrameworksBuildPhase;
			buildActionMask = 2147483647;
			files = (
			);
			runOnlyForDeploymentPostprocessing = 0;
		};
		22B84CB029C4A8C000C01C88 /* Frameworks */ = {
			isa = PBXFrameworksBuildPhase;
			buildActionMask = 2147483647;
			files = (
			);
			runOnlyForDeploymentPostprocessing = 0;
		};
/* End PBXFrameworksBuildPhase section */

/* Begin PBXGroup section */
		22B84C8A29C4A8BF00C01C88 = {
			isa = PBXGroup;
			children = (
				22B84CC629C4A91700C01C88 /* UserSettings.swift */,
				22B84C9529C4A8BF00C01C88 /* UserSettingsDemo */,
				22B84CAC29C4A8C000C01C88 /* UserSettingsDemoTests */,
				22B84CB629C4A8C000C01C88 /* UserSettingsDemoUITests */,
				22B84C9429C4A8BF00C01C88 /* Products */,
			);
			sourceTree = "<group>";
		};
		22B84C9429C4A8BF00C01C88 /* Products */ = {
			isa = PBXGroup;
			children = (
				22B84C9329C4A8BF00C01C88 /* UserSettingsDemo.app */,
				22B84CA929C4A8C000C01C88 /* UserSettingsDemoTests.xctest */,
				22B84CB329C4A8C000C01C88 /* UserSettingsDemoUITests.xctest */,
			);
			name = Products;
			sourceTree = "<group>";
		};
		22B84C9529C4A8BF00C01C88 /* UserSettingsDemo */ = {
			isa = PBXGroup;
			children = (
				22B84C9629C4A8BF00C01C88 /* AppDelegate.swift */,
				22B84C9829C4A8BF00C01C88 /* SceneDelegate.swift */,
				22B84C9A29C4A8BF00C01C88 /* ViewController.swift */,
				22B84C9C29C4A8BF00C01C88 /* Main.storyboard */,
				22B84C9F29C4A8C000C01C88 /* Assets.xcassets */,
				22B84CA129C4A8C000C01C88 /* LaunchScreen.storyboard */,
				22B84CA429C4A8C000C01C88 /* Info.plist */,
			);
			path = UserSettingsDemo;
			sourceTree = "<group>";
		};
		22B84CAC29C4A8C000C01C88 /* UserSettingsDemoTests */ = {
			isa = PBXGroup;
			children = (
				22B84CAD29C4A8C000C01C88 /* UserSettingsDemoTests.swift */,
			);
			path = UserSettingsDemoTests;
			sourceTree = "<group>";
		};
		22B84CB629C4A8C000C01C88 /* UserSettingsDemoUITests */ = {
			isa = PBXGroup;
			children = (
				22B84CB729C4A8C000C01C88 /* UserSettingsDemoUITests.swift */,
				22B84CB929C4A8C000C01C88 /* UserSettingsDemoUITestsLaunchTests.swift */,
			);
			path = UserSettingsDemoUITests;
			sourceTree = "<group>";
		};
/* End PBXGroup section */

/* Begin PBXNativeTarget section */
		22B84C9229C4A8BF00C01C88 /* UserSettingsDemo */ = {
			isa = PBXNativeTarget;
			buildConfigurationList = 22B84CBD29C4A8C000C01C88 /* Build configuration list for PBXNativeTarget "UserSettingsDemo" */;
			buildPhases = (
				22B84C8F29C4A8BF00C01C88 /* Sources */,
				22B84C9029C4A8BF00C01C88 /* Frameworks */,
				22B84C9129C4A8BF00C01C88 /* Resources */,
			);
			buildRules = (
			);
			dependencies = (
			);
			name = UserSettingsDemo;
			productName = UserSettingsDemo;
			productReference = 22B84C9329C4A8BF00C01C88 /* UserSettingsDemo.app */;
			productType = "com.apple.product-type.application";
		};
		22B84CA829C4A8C000C01C88 /* UserSettingsDemoTests */ = {
			isa = PBXNativeTarget;
			buildConfigurationList = 22B84CC029C4A8C000C01C88 /* Build configuration list for PBXNativeTarget "UserSettingsDemoTests" */;
			buildPhases = (
				22B84CA529C4A8C000C01C88 /* Sources */,
				22B84CA629C4A8C000C01C88 /* Frameworks */,
				22B84CA729C4A8C000C01C88 /* Resources */,
			);
			buildRules = (
			);
			dependencies = (
				22B84CAB29C4A8C000C01C88 /* PBXTargetDependency */,
			);
			name = UserSettingsDemoTests;
			productName = UserSettingsDemoTests;
			productReference = 22B84CA929C4A8C000C01C88 /* UserSettingsDemoTests.xctest */;
			productType = "com.apple.product-type.bundle.unit-test";
		};
		22B84CB229C4A8C000C01C88 /* UserSettingsDemoUITests */ = {
			isa = PBXNativeTarget;
			buildConfigurationList = 22B84CC329C4A8C000C01C88 /* Build configuration list for PBXNativeTarget "UserSettingsDemoUITests" */;
			buildPhases = (
				22B84CAF29C4A8C000C01C88 /* Sources */,
				22B84CB029C4A8C000C01C88 /* Frameworks */,
				22B84CB129C4A8C000C01C88 /* Resources */,
			);
			buildRules = (
			);
			dependencies = (
				22B84CB529C4A8C000C01C88 /* PBXTargetDependency */,
			);
			name = UserSettingsDemoUITests;
			productName = UserSettingsDemoUITests;
			productReference = 22B84CB329C4A8C000C01C88 /* UserSettingsDemoUITests.xctest */;
			productType = "com.apple.product-type.bundle.ui-testing";
		};
/* End PBXNativeTarget section */

/* Begin PBXProject section */
		22B84C8B29C4A8BF00C01C88 /* Project object */ = {
			isa = PBXProject;
			attributes = {
				BuildIndependentTargetsInParallel = 1;
				LastSwiftUpdateCheck = 1400;
				LastUpgradeCheck = 1400;
				TargetAttributes = {
					22B84C9229C4A8BF00C01C88 = {
						CreatedOnToolsVersion = 14.0;
					};
					22B84CA829C4A8C000C01C88 = {
						CreatedOnToolsVersion = 14.0;
						TestTargetID = 22B84C9229C4A8BF00C01C88;
					};
					22B84CB229C4A8C000C01C88 = {
						CreatedOnToolsVersion = 14.0;
						TestTargetID = 22B84C9229C4A8BF00C01C88;
					};
				};
			};
			buildConfigurationList = 22B84C8E29C4A8BF00C01C88 /* Build configuration list for PBXProject "UserSettingsDemo" */;
			compatibilityVersion = "Xcode 14.0";
			developmentRegion = en;
			hasScannedForEncodings = 0;
			knownRegions = (
				en,
				Base,
			);
			mainGroup = 22B84C8A29C4A8BF00C01C88;
			productRefGroup = 22B84C9429C4A8BF00C01C88 /* Products */;
			projectDirPath = "";
			projectRoot = "";
			targets = (
				22B84C9229C4A8BF00C01C88 /* UserSettingsDemo */,
				22B84CA829C4A8C000C01C88 /* UserSettingsDemoTests */,
				22B84CB229C4A8C000C01C88 /* UserSettingsDemoUITests */,
			);
		};
/* End PBXProject section */

/* Begin PBXResourcesBuildPhase section */
		22B84C9129C4A8BF00C01C88 /* Resources */ = {
			isa = PBXResourcesBuildPhase;
			buildActionMask = 2147483647;
			files = (
				22B84CA329C4A8C000C01C88 /* LaunchScreen.storyboard in Resources */,
				22B84CA029C4A8C000C01C88 /* Assets.xcassets in Resources */,
				22B84C9E29C4A8BF00C01C88 /* Main.storyboard in Resources */,
			);
			runOnlyForDeploymentPostprocessing = 0;
		};
		22B84CA729C4A8C000C01C88 /* Resources */ = {
			isa = PBXResourcesBuildPhase;
			buildActionMask = 2147483647;
			files = (
			);
			runOnlyForDeploymentPostprocessing = 0;
		};
		22B84CB129C4A8C000C01C88 /* Resources */ = {
			isa = PBXResourcesBuildPhase;
			buildActionMask = 2147483647;
			files = (
			);
			runOnlyForDeploymentPostprocessing = 0;
		};
/* End PBXResourcesBuildPhase section */

/* Begin PBXSourcesBuildPhase section */
		22B84C8F29C4A8BF00C01C88 /* Sources */ = {
			isa = PBXSourcesBuildPhase;
			buildActionMask = 2147483647;
			files = (
				22B84C9B29C4A8BF00C01C88 /* ViewController.swift in Sources */,
				22B84CC729C4A91700C01C88 /* UserSettings.swift in Sources */,
				22B84C9729C4A8BF00C01C88 /* AppDelegate.swift in Sources */,
				22B84C9929C4A8BF00C01C88 /* SceneDelegate.swift in Sources */,
			);
			runOnlyForDeploymentPostprocessing = 0;
		};
		22B84CA529C4A8C000C01C88 /* Sources */ = {
			isa = PBXSourcesBuildPhase;
			buildActionMask = 2147483647;
			files = (
				22B84CAE29C4A8C000C01C88 /* UserSettingsDemoTests.swift in Sources */,
			);
			runOnlyForDeploymentPostprocessing = 0;
		};
		22B84CAF29C4A8C000C01C88 /* Sources */ = {
			isa = PBXSourcesBuildPhase;
			buildActionMask = 2147483647;
			files = (
				22B84CB829C4A8C000C01C88 /* UserSettingsDemoUITests.swift in Sources */,
				22B84CBA29C4A8C000C01C88 /* UserSettingsDemoUITestsLaunchTests.swift in Sources */,
			);
			runOnlyForDeploymentPostprocessing = 0;
		};
/* End PBXSourcesBuildPhase section */

/* Begin PBXTargetDependency section */
		22B84CAB29C4A8C000C01C88 /* PBXTargetDependency */ = {
			isa = PBXTargetDependency;
			target = 22B84C9229C4A8BF00C01C88 /* UserSettingsDemo */;
			targetProxy = 22B84CAA29C4A8C000C01C88 /* PBXContainerItemProxy */;
		};
		22B84CB529C4A8C000C01C88 /* PBXTargetDependency */ = {
			isa = PBXTargetDependency;
			target = 22B84C9229C4A8BF00C01C88 /* UserSettingsDemo */;
			targetProxy = 22B84CB429C4A8C000C01C88 /* PBXContainerItemProxy */;
		};
/* End PBXTargetDependency section */

/* Begin PBXVariantGroup section */
		22B84C9C29C4A8BF00C01C88 /* Main.storyboard */ = {
			isa = PBXVariantGroup;
			children = (
				22B84C9D29C4A8BF00C01C88 /* Base */,
			);
			name = Main.storyboard;
			sourceTree = "<group>";
		};
		22B84CA129C4A8C000C01C88 /* LaunchScreen.storyboard */ = {
			isa = PBXVariantGroup;
			children = (
				22B84CA229C4A8C000C01C88 /* Base */,
			);
			name = LaunchScreen.storyboard;
			sourceTree = "<group>";
		};
/* End PBXVariantGroup section */

/* Begin XCBuildConfiguration section */
		22B84CBB29C4A8C000C01C88 /* Debug */ = {
			isa = XCBuildConfiguration;
			buildSettings = {
				ALWAYS_SEARCH_USER_PATHS = NO;
				CLANG_ANALYZER_NONNULL = YES;
				CLANG_ANALYZER_NUMBER_OBJECT_CONVERSION = YES_AGGRESSIVE;
				CLANG_CXX_LANGUAGE_STANDARD = "gnu++20";
				CLANG_ENABLE_MODULES = YES;
				CLANG_ENABLE_OBJC_ARC = YES;
				CLANG_ENABLE_OBJC_WEAK = YES;
				CLANG_WARN_BLOCK_CAPTURE_AUTORELEASING = YES;
				CLANG_WARN_BOOL_CONVERSION = YES;
				CLANG_WARN_COMMA = YES;
				CLANG_WARN_CONSTANT_CONVERSION = YES;
				CLANG_WARN_DEPRECATED_OBJC_IMPLEMENTATIONS = YES;
				CLANG_WARN_DIRECT_OBJC_ISA_USAGE = YES_ERROR;
				CLANG_WARN_DOCUMENTATION_COMMENTS = YES;
				CLANG_WARN_EMPTY_BODY = YES;
				CLANG_WARN_ENUM_CONVERSION = YES;
				CLANG_WARN_INFINITE_RECURSION = YES;
				CLANG_WARN_INT_CONVERSION = YES;
				CLANG_WARN_NON_LITERAL_NULL_CONVERSION = YES;
				CLANG_WARN_OBJC_IMPLICIT_RETAIN_SELF = YES;
				CLANG_WARN_OBJC_LITERAL_CONVERSION = YES;
				CLANG_WARN_OBJC_ROOT_CLASS = YES_ERROR;
				CLANG_WARN_QUOTED_INCLUDE_IN_FRAMEWORK_HEADER = YES;
				CLANG_WARN_RANGE_LOOP_ANALYSIS = YES;
				CLANG_WARN_STRICT_PROTOTYPES = YES;
				CLANG_WARN_SUSPICIOUS_MOVE = YES;
				CLANG_WARN_UNGUARDED_AVAILABILITY = YES_AGGRESSIVE;
				CLANG_WARN_UNREACHABLE_CODE = YES;
				CLANG_WARN__DUPLICATE_METHOD_MATCH = YES;
				COPY_PHASE_STRIP = NO;
				DEBUG_INFORMATION_FORMAT = dwarf;
				ENABLE_STRICT_OBJC_MSGSEND = YES;
				ENABLE_TESTABILITY = YES;
				GCC_C_LANGUAGE_STANDARD = gnu11;
				GCC_DYNAMIC_NO_PIC = NO;
				GCC_NO_COMMON_BLOCKS = YES;
				GCC_OPTIMIZATION_LEVEL = 0;
				GCC_PREPROCESSOR_DEFINITIONS = (
					"DEBUG=1",
					"$(inherited)",
				);
				GCC_WARN_64_TO_32_BIT_CONVERSION = YES;
				GCC_WARN_ABOUT_RETURN_TYPE = YES_ERROR;
				GCC_WARN_UNDECLARED_SELECTOR = YES;
				GCC_WARN_UNINITIALIZED_AUTOS = YES_AGGRESSIVE;
				GCC_WARN_UNUSED_FUNCTION = YES;
				GCC_WARN_UNUSED_VARIABLE = YES;
				IPHONEOS_DEPLOYMENT_TARGET = 16.0;
				MTL_ENABLE_DEBUG_INFO = INCLUDE_SOURCE;
				MTL_FAST_MATH = YES;
				ONLY_ACTIVE_ARCH = YES;
				SDKROOT = iphoneos;
				SWIFT_ACTIVE_COMPILATION_CONDITIONS = DEBUG;
				SWIFT_OPTIMIZATION_LEVEL = "-Onone";
			};
			name = Debug;
		};
		22B84CBC29C4A8C000C01C88 /* Release */ = {
			isa = XCBuildConfiguration;
			buildSettings = {
				ALWAYS_SEARCH_USER_PATHS = NO;
				CLANG_ANALYZER_NONNULL = YES;
				CLANG_ANALYZER_NUMBER_OBJECT_CONVERSION = YES_AGGRESSIVE;
				CLANG_CXX_LANGUAGE_STANDARD = "gnu++20";
				CLANG_ENABLE_MODULES = YES;
				CLANG_ENABLE_OBJC_ARC = YES;
				CLANG_ENABLE_OBJC_WEAK = YES;
				CLANG_WARN_BLOCK_CAPTURE_AUTORELEASING = YES;
				CLANG_WARN_BOOL_CONVERSION = YES;
				CLANG_WARN_COMMA = YES;
				CLANG_WARN_CONSTANT_CONVERSION = YES;
				CLANG_WARN_DEPRECATED_OBJC_IMPLEMENTATIONS = YES;
				CLANG_WARN_DIRECT_OBJC_ISA_USAGE = YES_ERROR;
				CLANG_WARN_DOCUMENTATION_COMMENTS = YES;
				CLANG_WARN_EMPTY_BODY = YES;
				CLANG_WARN_ENUM_CONVERSION = YES;
				CLANG_WARN_INFINITE_RECURSION = YES;
				CLANG_WARN_INT_CONVERSION = YES;
				CLANG_WARN_NON_LITERAL_NULL_CONVERSION = YES;
				CLANG_WARN_OBJC_IMPLICIT_RETAIN_SELF = YES;
				CLANG_WARN_OBJC_LITERAL_CONVERSION = YES;
				CLANG_WARN_OBJC_ROOT_CLASS = YES_ERROR;
				CLANG_WARN_QUOTED_INCLUDE_IN_FRAMEWORK_HEADER = YES;
				CLANG_WARN_RANGE_LOOP_ANALYSIS = YES;
				CLANG_WARN_STRICT_PROTOTYPES = YES;
				CLANG_WARN_SUSPICIOUS_MOVE = YES;
				CLANG_WARN_UNGUARDED_AVAILABILITY = YES_AGGRESSIVE;
				CLANG_WARN_UNREACHABLE_CODE = YES;
				CLANG_WARN__DUPLICATE_METHOD_MATCH = YES;
				COPY_PHASE_STRIP = NO;
				DEBUG_INFORMATION_FORMAT = "dwarf-with-dsym";
				ENABLE_NS_ASSERTIONS = NO;
				ENABLE_STRICT_OBJC_MSGSEND = YES;
				GCC_C_LANGUAGE_STANDARD = gnu11;
				GCC_NO_COMMON_BLOCKS = YES;
				GCC_WARN_64_TO_32_BIT_CONVERSION = YES;
				GCC_WARN_ABOUT_RETURN_TYPE = YES_ERROR;
				GCC_WARN_UNDECLARED_SELECTOR = YES;
				GCC_WARN_UNINITIALIZED_AUTOS = YES_AGGRESSIVE;
				GCC_WARN_UNUSED_FUNCTION = YES;
				GCC_WARN_UNUSED_VARIABLE = YES;
				IPHONEOS_DEPLOYMENT_TARGET = 16.0;
				MTL_ENABLE_DEBUG_INFO = NO;
				MTL_FAST_MATH = YES;
				SDKROOT = iphoneos;
				SWIFT_COMPILATION_MODE = wholemodule;
				SWIFT_OPTIMIZATION_LEVEL = "-O";
				VALIDATE_PRODUCT = YES;
			};
			name = Release;
		};
		22B84CBE29C4A8C000C01C88 /* Debug */ = {
			isa = XCBuildConfiguration;
			buildSettings = {
				ASSETCATALOG_COMPILER_APPICON_NAME = AppIcon;
				ASSETCATALOG_COMPILER_GLOBAL_ACCENT_COLOR_NAME = AccentColor;
				CODE_SIGN_STYLE = Automatic;
				CURRENT_PROJECT_VERSION = 1;
				DEVELOPMENT_TEAM = Y2RZ37C4A7;
				GENERATE_INFOPLIST_FILE = YES;
				INFOPLIST_FILE = UserSettingsDemo/Info.plist;
				INFOPLIST_KEY_UIApplicationSupportsIndirectInputEvents = YES;
				INFOPLIST_KEY_UILaunchStoryboardName = LaunchScreen;
				INFOPLIST_KEY_UIMainStoryboardFile = Main;
				INFOPLIST_KEY_UISupportedInterfaceOrientations_iPad = "UIInterfaceOrientationPortrait UIInterfaceOrientationPortraitUpsideDown UIInterfaceOrientationLandscapeLeft UIInterfaceOrientationLandscapeRight";
				INFOPLIST_KEY_UISupportedInterfaceOrientations_iPhone = "UIInterfaceOrientationPortrait UIInterfaceOrientationLandscapeLeft UIInterfaceOrientationLandscapeRight";
				LD_RUNPATH_SEARCH_PATHS = (
					"$(inherited)",
					"@executable_path/Frameworks",
				);
				MARKETING_VERSION = 1.0;
				PRODUCT_BUNDLE_IDENTIFIER = com.eshan.UserSettingsDemo;
				PRODUCT_NAME = "$(TARGET_NAME)";
				SWIFT_EMIT_LOC_STRINGS = YES;
				SWIFT_VERSION = 5.0;
				TARGETED_DEVICE_FAMILY = "1,2";
			};
			name = Debug;
		};
		22B84CBF29C4A8C000C01C88 /* Release */ = {
			isa = XCBuildConfiguration;
			buildSettings = {
				ASSETCATALOG_COMPILER_APPICON_NAME = AppIcon;
				ASSETCATALOG_COMPILER_GLOBAL_ACCENT_COLOR_NAME = AccentColor;
				CODE_SIGN_STYLE = Automatic;
				CURRENT_PROJECT_VERSION = 1;
				DEVELOPMENT_TEAM = Y2RZ37C4A7;
				GENERATE_INFOPLIST_FILE = YES;
				INFOPLIST_FILE = UserSettingsDemo/Info.plist;
				INFOPLIST_KEY_UIApplicationSupportsIndirectInputEvents = YES;
				INFOPLIST_KEY_UILaunchStoryboardName = LaunchScreen;
				INFOPLIST_KEY_UIMainStoryboardFile = Main;
				INFOPLIST_KEY_UISupportedInterfaceOrientations_iPad = "UIInterfaceOrientationPortrait UIInterfaceOrientationPortraitUpsideDown UIInterfaceOrientationLandscapeLeft UIInterfaceOrientationLandscapeRight";
				INFOPLIST_KEY_UISupportedInterfaceOrientations_iPhone = "UIInterfaceOrientationPortrait UIInterfaceOrientationLandscapeLeft UIInterfaceOrientationLandscapeRight";
				LD_RUNPATH_SEARCH_PATHS = (
					"$(inherited)",
					"@executable_path/Frameworks",
				);
				MARKETING_VERSION = 1.0;
				PRODUCT_BUNDLE_IDENTIFIER = com.eshan.UserSettingsDemo;
				PRODUCT_NAME = "$(TARGET_NAME)";
				SWIFT_EMIT_LOC_STRINGS = YES;
				SWIFT_VERSION = 5.0;
				TARGETED_DEVICE_FAMILY = "1,2";
			};
			name = Release;
		};
		22B84CC129C4A8C000C01C88 /* Debug */ = {
			isa = XCBuildConfiguration;
			buildSettings = {
				ALWAYS_EMBED_SWIFT_STANDARD_LIBRARIES = YES;
				BUNDLE_LOADER = "$(TEST_HOST)";
				CODE_SIGN_STYLE = Automatic;
				CURRENT_PROJECT_VERSION = 1;
				DEVELOPMENT_TEAM = Y2RZ37C4A7;
				GENERATE_INFOPLIST_FILE = YES;
				IPHONEOS_DEPLOYMENT_TARGET = 16.0;
				MARKETING_VERSION = 1.0;
				PRODUCT_BUNDLE_IDENTIFIER = com.eshan.UserSettingsDemoTests;
				PRODUCT_NAME = "$(TARGET_NAME)";
				SWIFT_EMIT_LOC_STRINGS = NO;
				SWIFT_VERSION = 5.0;
				TARGETED_DEVICE_FAMILY = "1,2";
				TEST_HOST = "$(BUILT_PRODUCTS_DIR)/UserSettingsDemo.app/$(BUNDLE_EXECUTABLE_FOLDER_PATH)/UserSettingsDemo";
			};
			name = Debug;
		};
		22B84CC229C4A8C000C01C88 /* Release */ = {
			isa = XCBuildConfiguration;
			buildSettings = {
				ALWAYS_EMBED_SWIFT_STANDARD_LIBRARIES = YES;
				BUNDLE_LOADER = "$(TEST_HOST)";
				CODE_SIGN_STYLE = Automatic;
				CURRENT_PROJECT_VERSION = 1;
				DEVELOPMENT_TEAM = Y2RZ37C4A7;
				GENERATE_INFOPLIST_FILE = YES;
				IPHONEOS_DEPLOYMENT_TARGET = 16.0;
				MARKETING_VERSION = 1.0;
				PRODUCT_BUNDLE_IDENTIFIER = com.eshan.UserSettingsDemoTests;
				PRODUCT_NAME = "$(TARGET_NAME)";
				SWIFT_EMIT_LOC_STRINGS = NO;
				SWIFT_VERSION = 5.0;
				TARGETED_DEVICE_FAMILY = "1,2";
				TEST_HOST = "$(BUILT_PRODUCTS_DIR)/UserSettingsDemo.app/$(BUNDLE_EXECUTABLE_FOLDER_PATH)/UserSettingsDemo";
			};
			name = Release;
		};
		22B84CC429C4A8C000C01C88 /* Debug */ = {
			isa = XCBuildConfiguration;
			buildSettings = {
				ALWAYS_EMBED_SWIFT_STANDARD_LIBRARIES = YES;
				CODE_SIGN_STYLE = Automatic;
				CURRENT_PROJECT_VERSION = 1;
				DEVELOPMENT_TEAM = Y2RZ37C4A7;
				GENERATE_INFOPLIST_FILE = YES;
				MARKETING_VERSION = 1.0;
				PRODUCT_BUNDLE_IDENTIFIER = com.eshan.UserSettingsDemoUITests;
				PRODUCT_NAME = "$(TARGET_NAME)";
				SWIFT_EMIT_LOC_STRINGS = NO;
				SWIFT_VERSION = 5.0;
				TARGETED_DEVICE_FAMILY = "1,2";
				TEST_TARGET_NAME = UserSettingsDemo;
			};
			name = Debug;
		};
		22B84CC529C4A8C000C01C88 /* Release */ = {
			isa = XCBuildConfiguration;
			buildSettings = {
				ALWAYS_EMBED_SWIFT_STANDARD_LIBRARIES = YES;
				CODE_SIGN_STYLE = Automatic;
				CURRENT_PROJECT_VERSION = 1;
				DEVELOPMENT_TEAM = Y2RZ37C4A7;
				GENERATE_INFOPLIST_FILE = YES;
				MARKETING_VERSION = 1.0;
				PRODUCT_BUNDLE_IDENTIFIER = com.eshan.UserSettingsDemoUITests;
				PRODUCT_NAME = "$(TARGET_NAME)";
				SWIFT_EMIT_LOC_STRINGS = NO;
				SWIFT_VERSION = 5.0;
				TARGETED_DEVICE_FAMILY = "1,2";
				TEST_TARGET_NAME = UserSettingsDemo;
			};
			name = Release;
		};
/* End XCBuildConfiguration section */

/* Begin XCConfigurationList section */
		22B84C8E29C4A8BF00C01C88 /* Build configuration list for PBXProject "UserSettingsDemo" */ = {
			isa = XCConfigurationList;
			buildConfigurations = (
				22B84CBB29C4A8C000C01C88 /* Debug */,
				22B84CBC29C4A8C000C01C88 /* Release */,
			);
			defaultConfigurationIsVisible = 0;
			defaultConfigurationName = Release;
		};
		22B84CBD29C4A8C000C01C88 /* Build configuration list for PBXNativeTarget "UserSettingsDemo" */ = {
			isa = XCConfigurationList;
			buildConfigurations = (
				22B84CBE29C4A8C000C01C88 /* Debug */,
				22B84CBF29C4A8C000C01C88 /* Release */,
			);
			defaultConfigurationIsVisible = 0;
			defaultConfigurationName = Release;
		};
		22B84CC029C4A8C000C01C88 /* Build configuration list for PBXNativeTarget "UserSettingsDemoTests" */ = {
			isa = XCConfigurationList;
			buildConfigurations = (
				22B84CC129C4A8C000C01C88 /* Debug */,
				22B84CC229C4A8C000C01C88 /* Release */,
			);
			defaultConfigurationIsVisible = 0;
			defaultConfigurationName = Release;
		};
		22B84CC329C4A8C000C01C88 /* Build configuration list for PBXNativeTarget "UserSettingsDemoUITests" */ = {
			isa = XCConfigurationList;
			buildConfigurations = (
				22B84CC429C4A8C000C01C88 /* Debug */,
				22B84CC529C4A8C000C01C88 /* Release */,
			);
			defaultConfigurationIsVisible = 0;
			defaultConfigurationName = Release;
		};
/* End XCConfigurationList section */
	};
	rootObject = 22B84C8B29C4A8BF00C01C88 /* Project object */;
}
